// !$*UTF8*$!
{
	archiveVersion = 1;
	classes = {
	};
	objectVersion = 46;
	objects = {

/* Begin PBXBuildFile section */
		1699A0A118976A0400B56929 /* iPad_Storyboard.storyboard in Resources */ = {isa = PBXBuildFile; fileRef = 1699A0A018976A0400B56929 /* iPad_Storyboard.storyboard */; };
		2549DA3F183F274B00FE7329 /* activeConnection.m in Sources */ = {isa = PBXBuildFile; fileRef = 2549DA3E183F274B00FE7329 /* activeConnection.m */; };
		254F794418308CB300080B80 /* Default@2x.png in Resources */ = {isa = PBXBuildFile; fileRef = 254F794318308CB300080B80 /* Default@2x.png */; };
		254F794718308CC700080B80 /* Default.png in Resources */ = {isa = PBXBuildFile; fileRef = 254F794618308CC700080B80 /* Default.png */; };
		2570438918493ED00094465B /* logo.png in Resources */ = {isa = PBXBuildFile; fileRef = 2570438818493ED00094465B /* logo.png */; };
		25C0457E184DE4270056D567 /* notLoggedInIcon.png in Resources */ = {isa = PBXBuildFile; fileRef = 25C0457D184DE4270056D567 /* notLoggedInIcon.png */; };
		44554791183E548C0067AF11 /* EditConnectionViewController.m in Sources */ = {isa = PBXBuildFile; fileRef = 44554790183E548C0067AF11 /* EditConnectionViewController.m */; };
		4493F6AA18086FFC002C636B /* UIKit.framework in Frameworks */ = {isa = PBXBuildFile; fileRef = 4493F6A918086FFC002C636B /* UIKit.framework */; };
		4493F6AC18086FFC002C636B /* Foundation.framework in Frameworks */ = {isa = PBXBuildFile; fileRef = 4493F6AB18086FFC002C636B /* Foundation.framework */; };
		4493F6AE18086FFC002C636B /* CoreGraphics.framework in Frameworks */ = {isa = PBXBuildFile; fileRef = 4493F6AD18086FFC002C636B /* CoreGraphics.framework */; };
		4493F6B418086FFC002C636B /* InfoPlist.strings in Resources */ = {isa = PBXBuildFile; fileRef = 4493F6B218086FFC002C636B /* InfoPlist.strings */; };
		4493F6B618086FFC002C636B /* main.m in Sources */ = {isa = PBXBuildFile; fileRef = 4493F6B518086FFC002C636B /* main.m */; };
		4493F6BA18086FFC002C636B /* AppDelegate.m in Sources */ = {isa = PBXBuildFile; fileRef = 4493F6B918086FFC002C636B /* AppDelegate.m */; };
		4493F6BD18086FFC002C636B /* MainStoryboard.storyboard in Resources */ = {isa = PBXBuildFile; fileRef = 4493F6BB18086FFC002C636B /* MainStoryboard.storyboard */; };
		4493F6C018086FFC002C636B /* AddConnectionViewController.m in Sources */ = {isa = PBXBuildFile; fileRef = 4493F6BF18086FFC002C636B /* AddConnectionViewController.m */; };
		4493F6C718087042002C636B /* Icon-512.png in Resources */ = {isa = PBXBuildFile; fileRef = 4493F6C618087042002C636B /* Icon-512.png */; };
		44CD12C21836A6EF00B5F539 /* MenuLinksTableViewController.m in Sources */ = {isa = PBXBuildFile; fileRef = 44CD12BF1836A6EF00B5F539 /* MenuLinksTableViewController.m */; };
		44CD12C31836A6EF00B5F539 /* screenWebViewController.m in Sources */ = {isa = PBXBuildFile; fileRef = 44CD12C11836A6EF00B5F539 /* screenWebViewController.m */; };
		44DB8E55182C565500F89F96 /* libsqlite3.0.dylib in Frameworks */ = {isa = PBXBuildFile; fileRef = 44DB8E54182C565500F89F96 /* libsqlite3.0.dylib */; };
		44E208DE181ACF2200EE9771 /* ChooseConnectionViewController.m in Sources */ = {isa = PBXBuildFile; fileRef = 44E208DD181ACF2200EE9771 /* ChooseConnectionViewController.m */; };
		44E208E1181AD4B500EE9771 /* ApplicationTableViewController.m in Sources */ = {isa = PBXBuildFile; fileRef = 44E208E0181AD4B500EE9771 /* ApplicationTableViewController.m */; };
		44EBF7CC183608E800238DAB /* Connection.m in Sources */ = {isa = PBXBuildFile; fileRef = 44EBF7CB183608E800238DAB /* Connection.m */; };
		44EBF7CE1836097E00238DAB /* formulizeios.db in Resources */ = {isa = PBXBuildFile; fileRef = 44EBF7CD1836097E00238DAB /* formulizeios.db */; };
		621241C718908F6A00861541 /* Icon-114.png in Resources */ = {isa = PBXBuildFile; fileRef = 624BA9441890661A0017C057 /* Icon-114.png */; };
		6254FDEA187BDAA40006F4CB /* Default-568h@2x.png in Resources */ = {isa = PBXBuildFile; fileRef = 6254FDE9187BDAA40006F4CB /* Default-568h@2x.png */; };
		628CBD1018906AC200FBAFF6 /* Images.xcassets in Resources */ = {isa = PBXBuildFile; fileRef = 628CBD0F18906AC200FBAFF6 /* Images.xcassets */; };
/* End PBXBuildFile section */

/* Begin PBXFileReference section */
		1699A0A018976A0400B56929 /* iPad_Storyboard.storyboard */ = {isa = PBXFileReference; fileEncoding = 4; lastKnownFileType = file.storyboard; path = iPad_Storyboard.storyboard; sourceTree = "<group>"; };
		2549DA3D183F274B00FE7329 /* activeConnection.h */ = {isa = PBXFileReference; fileEncoding = 4; lastKnownFileType = sourcecode.c.h; path = activeConnection.h; sourceTree = "<group>"; };
		2549DA3E183F274B00FE7329 /* activeConnection.m */ = {isa = PBXFileReference; fileEncoding = 4; lastKnownFileType = sourcecode.c.objc; path = activeConnection.m; sourceTree = "<group>"; };
		254F794318308CB300080B80 /* Default@2x.png */ = {isa = PBXFileReference; lastKnownFileType = image.png; name = "Default@2x.png"; path = "Images/Default@2x.png"; sourceTree = "<group>"; };
		254F794618308CC700080B80 /* Default.png */ = {isa = PBXFileReference; lastKnownFileType = image.png; name = Default.png; path = Images/Default.png; sourceTree = "<group>"; };
		2570438818493ED00094465B /* logo.png */ = {isa = PBXFileReference; lastKnownFileType = image.png; name = logo.png; path = Images/logo.png; sourceTree = "<group>"; };
		25C0457D184DE4270056D567 /* notLoggedInIcon.png */ = {isa = PBXFileReference; lastKnownFileType = image.png; name = notLoggedInIcon.png; path = Images/notLoggedInIcon.png; sourceTree = "<group>"; };
		4455478F183E548C0067AF11 /* EditConnectionViewController.h */ = {isa = PBXFileReference; fileEncoding = 4; lastKnownFileType = sourcecode.c.h; path = EditConnectionViewController.h; sourceTree = "<group>"; };
		44554790183E548C0067AF11 /* EditConnectionViewController.m */ = {isa = PBXFileReference; fileEncoding = 4; lastKnownFileType = sourcecode.c.objc; path = EditConnectionViewController.m; sourceTree = "<group>"; };
		4493F6A518086FFC002C636B /* Formulize.app */ = {isa = PBXFileReference; explicitFileType = wrapper.application; includeInIndex = 0; path = Formulize.app; sourceTree = BUILT_PRODUCTS_DIR; };
		4493F6A918086FFC002C636B /* UIKit.framework */ = {isa = PBXFileReference; lastKnownFileType = wrapper.framework; name = UIKit.framework; path = System/Library/Frameworks/UIKit.framework; sourceTree = SDKROOT; };
		4493F6AB18086FFC002C636B /* Foundation.framework */ = {isa = PBXFileReference; lastKnownFileType = wrapper.framework; name = Foundation.framework; path = System/Library/Frameworks/Foundation.framework; sourceTree = SDKROOT; };
		4493F6AD18086FFC002C636B /* CoreGraphics.framework */ = {isa = PBXFileReference; lastKnownFileType = wrapper.framework; name = CoreGraphics.framework; path = System/Library/Frameworks/CoreGraphics.framework; sourceTree = SDKROOT; };
		4493F6B118086FFC002C636B /* Formulize-Info.plist */ = {isa = PBXFileReference; lastKnownFileType = text.plist.xml; path = "Formulize-Info.plist"; sourceTree = "<group>"; };
		4493F6B318086FFC002C636B /* en */ = {isa = PBXFileReference; lastKnownFileType = text.plist.strings; name = en; path = en.lproj/InfoPlist.strings; sourceTree = "<group>"; };
		4493F6B518086FFC002C636B /* main.m */ = {isa = PBXFileReference; lastKnownFileType = sourcecode.c.objc; path = main.m; sourceTree = "<group>"; };
		4493F6B718086FFC002C636B /* Formulize-Prefix.pch */ = {isa = PBXFileReference; lastKnownFileType = sourcecode.c.h; path = "Formulize-Prefix.pch"; sourceTree = "<group>"; };
		4493F6B818086FFC002C636B /* AppDelegate.h */ = {isa = PBXFileReference; lastKnownFileType = sourcecode.c.h; path = AppDelegate.h; sourceTree = "<group>"; };
		4493F6B918086FFC002C636B /* AppDelegate.m */ = {isa = PBXFileReference; lastKnownFileType = sourcecode.c.objc; path = AppDelegate.m; sourceTree = "<group>"; };
		4493F6BC18086FFC002C636B /* en */ = {isa = PBXFileReference; lastKnownFileType = file.storyboard; name = en; path = en.lproj/MainStoryboard.storyboard; sourceTree = "<group>"; };
		4493F6BE18086FFC002C636B /* AddConnectionViewController.h */ = {isa = PBXFileReference; lastKnownFileType = sourcecode.c.h; path = AddConnectionViewController.h; sourceTree = "<group>"; };
		4493F6BF18086FFC002C636B /* AddConnectionViewController.m */ = {isa = PBXFileReference; lastKnownFileType = sourcecode.c.objc; path = AddConnectionViewController.m; sourceTree = "<group>"; };
		4493F6C618087042002C636B /* Icon-512.png */ = {isa = PBXFileReference; lastKnownFileType = image.png; name = "Icon-512.png"; path = "Images/Icon-512.png"; sourceTree = "<group>"; };
		44CD12BE1836A6EF00B5F539 /* MenuLinksTableViewController.h */ = {isa = PBXFileReference; fileEncoding = 4; lastKnownFileType = sourcecode.c.h; path = MenuLinksTableViewController.h; sourceTree = "<group>"; };
		44CD12BF1836A6EF00B5F539 /* MenuLinksTableViewController.m */ = {isa = PBXFileReference; fileEncoding = 4; lastKnownFileType = sourcecode.c.objc; path = MenuLinksTableViewController.m; sourceTree = "<group>"; };
		44CD12C01836A6EF00B5F539 /* screenWebViewController.h */ = {isa = PBXFileReference; fileEncoding = 4; lastKnownFileType = sourcecode.c.h; path = screenWebViewController.h; sourceTree = "<group>"; };
		44CD12C11836A6EF00B5F539 /* screenWebViewController.m */ = {isa = PBXFileReference; fileEncoding = 4; lastKnownFileType = sourcecode.c.objc; path = screenWebViewController.m; sourceTree = "<group>"; };
		44DB8E54182C565500F89F96 /* libsqlite3.0.dylib */ = {isa = PBXFileReference; lastKnownFileType = "compiled.mach-o.dylib"; name = libsqlite3.0.dylib; path = usr/lib/libsqlite3.0.dylib; sourceTree = SDKROOT; };
		44E208DC181ACF2200EE9771 /* ChooseConnectionViewController.h */ = {isa = PBXFileReference; fileEncoding = 4; lastKnownFileType = sourcecode.c.h; path = ChooseConnectionViewController.h; sourceTree = "<group>"; };
		44E208DD181ACF2200EE9771 /* ChooseConnectionViewController.m */ = {isa = PBXFileReference; fileEncoding = 4; lastKnownFileType = sourcecode.c.objc; path = ChooseConnectionViewController.m; sourceTree = "<group>"; };
		44E208DF181AD4B500EE9771 /* ApplicationTableViewController.h */ = {isa = PBXFileReference; fileEncoding = 4; lastKnownFileType = sourcecode.c.h; path = ApplicationTableViewController.h; sourceTree = "<group>"; };
		44E208E0181AD4B500EE9771 /* ApplicationTableViewController.m */ = {isa = PBXFileReference; fileEncoding = 4; lastKnownFileType = sourcecode.c.objc; path = ApplicationTableViewController.m; sourceTree = "<group>"; };
		44EBF7CA183608E800238DAB /* Connection.h */ = {isa = PBXFileReference; fileEncoding = 4; lastKnownFileType = sourcecode.c.h; path = Connection.h; sourceTree = "<group>"; };
		44EBF7CB183608E800238DAB /* Connection.m */ = {isa = PBXFileReference; fileEncoding = 4; lastKnownFileType = sourcecode.c.objc; path = Connection.m; sourceTree = "<group>"; };
		44EBF7CD1836097E00238DAB /* formulizeios.db */ = {isa = PBXFileReference; lastKnownFileType = file; path = formulizeios.db; sourceTree = "<group>"; };
		624BA9441890661A0017C057 /* Icon-114.png */ = {isa = PBXFileReference; lastKnownFileType = image.png; name = "Icon-114.png"; path = "Images/Icon-114.png"; sourceTree = "<group>"; };
		6254FDE9187BDAA40006F4CB /* Default-568h@2x.png */ = {isa = PBXFileReference; lastKnownFileType = image.png; name = "Default-568h@2x.png"; path = "Images/Default-568h@2x.png"; sourceTree = "<group>"; };
		628CBD0F18906AC200FBAFF6 /* Images.xcassets */ = {isa = PBXFileReference; lastKnownFileType = folder.assetcatalog; name = Images.xcassets; path = Formulize/Images.xcassets; sourceTree = "<group>"; };
		62ED3E581890637B00F3DA21 /* Icon-57.png */ = {isa = PBXFileReference; lastKnownFileType = image.png; name = "Icon-57.png"; path = "Images/Icon-57.png"; sourceTree = "<group>"; };
		62ED3E591890638800F3DA21 /* Icon-120.png */ = {isa = PBXFileReference; lastKnownFileType = image.png; name = "Icon-120.png"; path = "Images/Icon-120.png"; sourceTree = "<group>"; };
		62ED3E5A1890639400F3DA21 /* Icon-29.png */ = {isa = PBXFileReference; lastKnownFileType = image.png; name = "Icon-29.png"; path = "Images/Icon-29.png"; sourceTree = "<group>"; };
		62ED3E5B1890639D00F3DA21 /* Icon-58.png */ = {isa = PBXFileReference; lastKnownFileType = image.png; name = "Icon-58.png"; path = "Images/Icon-58.png"; sourceTree = "<group>"; };
		62ED3E5C189063AB00F3DA21 /* Icon-80.png */ = {isa = PBXFileReference; lastKnownFileType = image.png; name = "Icon-80.png"; path = "Images/Icon-80.png"; sourceTree = "<group>"; };
/* End PBXFileReference section */

/* Begin PBXFrameworksBuildPhase section */
		4493F6A218086FFC002C636B /* Frameworks */ = {
			isa = PBXFrameworksBuildPhase;
			buildActionMask = 2147483647;
			files = (
				44DB8E55182C565500F89F96 /* libsqlite3.0.dylib in Frameworks */,
				4493F6AA18086FFC002C636B /* UIKit.framework in Frameworks */,
				4493F6AC18086FFC002C636B /* Foundation.framework in Frameworks */,
				4493F6AE18086FFC002C636B /* CoreGraphics.framework in Frameworks */,
			);
			runOnlyForDeploymentPostprocessing = 0;
		};
/* End PBXFrameworksBuildPhase section */

/* Begin PBXGroup section */
		1699A0A218976B1C00B56929 /* iPad */ = {
			isa = PBXGroup;
			children = (
			);
			name = iPad;
			sourceTree = "<group>";
		};
		4493F69A18086FFC002C636B = {
			isa = PBXGroup;
			children = (
				1699A0A218976B1C00B56929 /* iPad */,
				628CBD0F18906AC200FBAFF6 /* Images.xcassets */,
				624BA9441890661A0017C057 /* Icon-114.png */,
				62ED3E5C189063AB00F3DA21 /* Icon-80.png */,
				62ED3E5B1890639D00F3DA21 /* Icon-58.png */,
				62ED3E5A1890639400F3DA21 /* Icon-29.png */,
				62ED3E591890638800F3DA21 /* Icon-120.png */,
				62ED3E581890637B00F3DA21 /* Icon-57.png */,
				6254FDE9187BDAA40006F4CB /* Default-568h@2x.png */,
				254F794618308CC700080B80 /* Default.png */,
				254F794318308CB300080B80 /* Default@2x.png */,
				44DB8E54182C565500F89F96 /* libsqlite3.0.dylib */,
				25C0457D184DE4270056D567 /* notLoggedInIcon.png */,
				4493F6C618087042002C636B /* Icon-512.png */,
				2570438818493ED00094465B /* logo.png */,
				4493F6AF18086FFC002C636B /* Formulize Prototype */,
				4493F6A818086FFC002C636B /* Frameworks */,
				4493F6A618086FFC002C636B /* Products */,
			);
			sourceTree = "<group>";
		};
		4493F6A618086FFC002C636B /* Products */ = {
			isa = PBXGroup;
			children = (
				4493F6A518086FFC002C636B /* Formulize.app */,
			);
			name = Products;
			sourceTree = "<group>";
		};
		4493F6A818086FFC002C636B /* Frameworks */ = {
			isa = PBXGroup;
			children = (
				4493F6A918086FFC002C636B /* UIKit.framework */,
				4493F6AB18086FFC002C636B /* Foundation.framework */,
				4493F6AD18086FFC002C636B /* CoreGraphics.framework */,
			);
			name = Frameworks;
			sourceTree = "<group>";
		};
		4493F6AF18086FFC002C636B /* Formulize Prototype */ = {
			isa = PBXGroup;
			children = (
				2549DA3D183F274B00FE7329 /* activeConnection.h */,
				2549DA3E183F274B00FE7329 /* activeConnection.m */,
				44CD12BE1836A6EF00B5F539 /* MenuLinksTableViewController.h */,
				44CD12BF1836A6EF00B5F539 /* MenuLinksTableViewController.m */,
				44CD12C01836A6EF00B5F539 /* screenWebViewController.h */,
				44CD12C11836A6EF00B5F539 /* screenWebViewController.m */,
				4493F6B818086FFC002C636B /* AppDelegate.h */,
				4493F6B918086FFC002C636B /* AppDelegate.m */,
				4493F6BB18086FFC002C636B /* MainStoryboard.storyboard */,
				1699A0A018976A0400B56929 /* iPad_Storyboard.storyboard */,
				4493F6BE18086FFC002C636B /* AddConnectionViewController.h */,
				4493F6BF18086FFC002C636B /* AddConnectionViewController.m */,
				4455478F183E548C0067AF11 /* EditConnectionViewController.h */,
				44554790183E548C0067AF11 /* EditConnectionViewController.m */,
				44E208DC181ACF2200EE9771 /* ChooseConnectionViewController.h */,
				44E208DD181ACF2200EE9771 /* ChooseConnectionViewController.m */,
				44E208DF181AD4B500EE9771 /* ApplicationTableViewController.h */,
				44E208E0181AD4B500EE9771 /* ApplicationTableViewController.m */,
				44EBF7CA183608E800238DAB /* Connection.h */,
				44EBF7CB183608E800238DAB /* Connection.m */,
				4493F6B018086FFC002C636B /* Supporting Files */,
			);
			path = "Formulize Prototype";
			sourceTree = "<group>";
		};
		4493F6B018086FFC002C636B /* Supporting Files */ = {
			isa = PBXGroup;
			children = (
				44EBF7CD1836097E00238DAB /* formulizeios.db */,
				4493F6B118086FFC002C636B /* Formulize-Info.plist */,
				4493F6B218086FFC002C636B /* InfoPlist.strings */,
				4493F6B518086FFC002C636B /* main.m */,
				4493F6B718086FFC002C636B /* Formulize-Prefix.pch */,
			);
			name = "Supporting Files";
			sourceTree = "<group>";
		};
/* End PBXGroup section */

/* Begin PBXNativeTarget section */
		4493F6A418086FFC002C636B /* Formulize */ = {
			isa = PBXNativeTarget;
			buildConfigurationList = 4493F6C318086FFC002C636B /* Build configuration list for PBXNativeTarget "Formulize" */;
			buildPhases = (
				4493F6A118086FFC002C636B /* Sources */,
				4493F6A218086FFC002C636B /* Frameworks */,
				4493F6A318086FFC002C636B /* Resources */,
			);
			buildRules = (
			);
			dependencies = (
			);
			name = Formulize;
			productName = "Formulize Prototype";
			productReference = 4493F6A518086FFC002C636B /* Formulize.app */;
			productType = "com.apple.product-type.application";
		};
/* End PBXNativeTarget section */

/* Begin PBXProject section */
		4493F69C18086FFC002C636B /* Project object */ = {
			isa = PBXProject;
			attributes = {
				LastUpgradeCheck = 0500;
				ORGANIZATIONNAME = "Laurentian University";
			};
			buildConfigurationList = 4493F69F18086FFC002C636B /* Build configuration list for PBXProject "Formulize" */;
			compatibilityVersion = "Xcode 3.2";
			developmentRegion = English;
			hasScannedForEncodings = 0;
			knownRegions = (
				en,
			);
			mainGroup = 4493F69A18086FFC002C636B;
			productRefGroup = 4493F6A618086FFC002C636B /* Products */;
			projectDirPath = "";
			projectRoot = "";
			targets = (
				4493F6A418086FFC002C636B /* Formulize */,
			);
		};
/* End PBXProject section */

/* Begin PBXResourcesBuildPhase section */
		4493F6A318086FFC002C636B /* Resources */ = {
			isa = PBXResourcesBuildPhase;
			buildActionMask = 2147483647;
			files = (
				4493F6B418086FFC002C636B /* InfoPlist.strings in Resources */,
				621241C718908F6A00861541 /* Icon-114.png in Resources */,
				628CBD1018906AC200FBAFF6 /* Images.xcassets in Resources */,
				4493F6BD18086FFC002C636B /* MainStoryboard.storyboard in Resources */,
				4493F6C718087042002C636B /* Icon-512.png in Resources */,
				6254FDEA187BDAA40006F4CB /* Default-568h@2x.png in Resources */,
				254F794418308CB300080B80 /* Default@2x.png in Resources */,
				254F794718308CC700080B80 /* Default.png in Resources */,
				44EBF7CE1836097E00238DAB /* formulizeios.db in Resources */,
				2570438918493ED00094465B /* logo.png in Resources */,
				25C0457E184DE4270056D567 /* notLoggedInIcon.png in Resources */,
				1699A0A118976A0400B56929 /* iPad_Storyboard.storyboard in Resources */,
			);
			runOnlyForDeploymentPostprocessing = 0;
		};
/* End PBXResourcesBuildPhase section */

/* Begin PBXSourcesBuildPhase section */
		4493F6A118086FFC002C636B /* Sources */ = {
			isa = PBXSourcesBuildPhase;
			buildActionMask = 2147483647;
			files = (
				4493F6B618086FFC002C636B /* main.m in Sources */,
				4493F6BA18086FFC002C636B /* AppDelegate.m in Sources */,
				4493F6C018086FFC002C636B /* AddConnectionViewController.m in Sources */,
				44E208DE181ACF2200EE9771 /* ChooseConnectionViewController.m in Sources */,
				44E208E1181AD4B500EE9771 /* ApplicationTableViewController.m in Sources */,
				44EBF7CC183608E800238DAB /* Connection.m in Sources */,
				44CD12C21836A6EF00B5F539 /* MenuLinksTableViewController.m in Sources */,
				44CD12C31836A6EF00B5F539 /* screenWebViewController.m in Sources */,
				44554791183E548C0067AF11 /* EditConnectionViewController.m in Sources */,
				2549DA3F183F274B00FE7329 /* activeConnection.m in Sources */,
			);
			runOnlyForDeploymentPostprocessing = 0;
		};
/* End PBXSourcesBuildPhase section */

/* Begin PBXVariantGroup section */
		4493F6B218086FFC002C636B /* InfoPlist.strings */ = {
			isa = PBXVariantGroup;
			children = (
				4493F6B318086FFC002C636B /* en */,
			);
			name = InfoPlist.strings;
			sourceTree = "<group>";
		};
		4493F6BB18086FFC002C636B /* MainStoryboard.storyboard */ = {
			isa = PBXVariantGroup;
			children = (
				4493F6BC18086FFC002C636B /* en */,
			);
			name = MainStoryboard.storyboard;
			sourceTree = "<group>";
		};
/* End PBXVariantGroup section */

/* Begin XCBuildConfiguration section */
		4493F6C118086FFC002C636B /* Debug */ = {
			isa = XCBuildConfiguration;
			buildSettings = {
				ALWAYS_SEARCH_USER_PATHS = NO;
				CLANG_ENABLE_OBJC_ARC = YES;
				CLANG_WARN_BOOL_CONVERSION = YES;
				CLANG_WARN_CONSTANT_CONVERSION = YES;
				CLANG_WARN_EMPTY_BODY = YES;
				CLANG_WARN_ENUM_CONVERSION = YES;
				CLANG_WARN_INT_CONVERSION = YES;
				CLANG_WARN__DUPLICATE_METHOD_MATCH = YES;
				"CODE_SIGN_IDENTITY[sdk=iphoneos*]" = "iPhone Developer";
				COPY_PHASE_STRIP = NO;
				GCC_C_LANGUAGE_STANDARD = gnu99;
				GCC_DYNAMIC_NO_PIC = NO;
				GCC_OPTIMIZATION_LEVEL = 0;
				GCC_PREPROCESSOR_DEFINITIONS = (
					"DEBUG=1",
					"$(inherited)",
				);
				GCC_SYMBOLS_PRIVATE_EXTERN = NO;
				GCC_VERSION = com.apple.compilers.llvm.clang.1_0;
				GCC_WARN_64_TO_32_BIT_CONVERSION = YES;
				GCC_WARN_ABOUT_MISSING_PROTOTYPES = YES;
				GCC_WARN_ABOUT_RETURN_TYPE = YES;
				GCC_WARN_UNDECLARED_SELECTOR = YES;
				GCC_WARN_UNINITIALIZED_AUTOS = YES;
				GCC_WARN_UNUSED_FUNCTION = YES;
				GCC_WARN_UNUSED_VARIABLE = YES;
				IPHONEOS_DEPLOYMENT_TARGET = 5.0;
				ONLY_ACTIVE_ARCH = YES;
				SDKROOT = iphoneos;
			};
			name = Debug;
		};
		4493F6C218086FFC002C636B /* Release */ = {
			isa = XCBuildConfiguration;
			buildSettings = {
				ALWAYS_SEARCH_USER_PATHS = NO;
				CLANG_ENABLE_OBJC_ARC = YES;
				CLANG_WARN_BOOL_CONVERSION = YES;
				CLANG_WARN_CONSTANT_CONVERSION = YES;
				CLANG_WARN_EMPTY_BODY = YES;
				CLANG_WARN_ENUM_CONVERSION = YES;
				CLANG_WARN_INT_CONVERSION = YES;
				CLANG_WARN__DUPLICATE_METHOD_MATCH = YES;
				"CODE_SIGN_IDENTITY[sdk=iphoneos*]" = "iPhone Developer";
				COPY_PHASE_STRIP = YES;
				GCC_C_LANGUAGE_STANDARD = gnu99;
				GCC_VERSION = com.apple.compilers.llvm.clang.1_0;
				GCC_WARN_64_TO_32_BIT_CONVERSION = YES;
				GCC_WARN_ABOUT_MISSING_PROTOTYPES = YES;
				GCC_WARN_ABOUT_RETURN_TYPE = YES;
				GCC_WARN_UNDECLARED_SELECTOR = YES;
				GCC_WARN_UNINITIALIZED_AUTOS = YES;
				GCC_WARN_UNUSED_FUNCTION = YES;
				GCC_WARN_UNUSED_VARIABLE = YES;
				IPHONEOS_DEPLOYMENT_TARGET = 5.0;
				OTHER_CFLAGS = "-DNS_BLOCK_ASSERTIONS=1";
				SDKROOT = iphoneos;
				VALIDATE_PRODUCT = YES;
			};
			name = Release;
		};
		4493F6C418086FFC002C636B /* Debug */ = {
			isa = XCBuildConfiguration;
			buildSettings = {
				ASSETCATALOG_COMPILER_APPICON_NAME = AppIcon;
				ASSETCATALOG_COMPILER_LAUNCHIMAGE_NAME = LaunchImage;
				GCC_PRECOMPILE_PREFIX_HEADER = YES;
				GCC_PREFIX_HEADER = "Formulize Prototype/Formulize-Prefix.pch";
				INFOPLIST_FILE = "Formulize Prototype/Formulize-Info.plist";
				IPHONEOS_DEPLOYMENT_TARGET = 7.0;
				PRODUCT_NAME = Formulize;
				TARGETED_DEVICE_FAMILY = "1,2";
				WRAPPER_EXTENSION = app;
			};
			name = Debug;
		};
		4493F6C518086FFC002C636B /* Release */ = {
			isa = XCBuildConfiguration;
			buildSettings = {
				ASSETCATALOG_COMPILER_APPICON_NAME = AppIcon;
				ASSETCATALOG_COMPILER_LAUNCHIMAGE_NAME = LaunchImage;
				GCC_PRECOMPILE_PREFIX_HEADER = YES;
				GCC_PREFIX_HEADER = "Formulize Prototype/Formulize-Prefix.pch";
				INFOPLIST_FILE = "Formulize Prototype/Formulize-Info.plist";
				IPHONEOS_DEPLOYMENT_TARGET = 7.0;
				PRODUCT_NAME = Formulize;
				TARGETED_DEVICE_FAMILY = "1,2";
				WRAPPER_EXTENSION = app;
			};
			name = Release;
		};
/* End XCBuildConfiguration section */

/* Begin XCConfigurationList section */
		4493F69F18086FFC002C636B /* Build configuration list for PBXProject "Formulize" */ = {
			isa = XCConfigurationList;
			buildConfigurations = (
				4493F6C118086FFC002C636B /* Debug */,
				4493F6C218086FFC002C636B /* Release */,
			);
			defaultConfigurationIsVisible = 0;
			defaultConfigurationName = Release;
		};
		4493F6C318086FFC002C636B /* Build configuration list for PBXNativeTarget "Formulize" */ = {
			isa = XCConfigurationList;
			buildConfigurations = (
				4493F6C418086FFC002C636B /* Debug */,
				4493F6C518086FFC002C636B /* Release */,
			);
			defaultConfigurationIsVisible = 0;
			defaultConfigurationName = Release;
		};
/* End XCConfigurationList section */
	};
	rootObject = 4493F69C18086FFC002C636B /* Project object */;
}
